Microsoft Visual Studio Solution File, Format Version 12.00
# Visual Studio Version 17
VisualStudioVersion = 17.5.2.0
MinimumVisualStudioVersion = 10.0.40219.1
Project("{FAE04EC0-301F-11D3-BF4B-00C04F79EFBC}") = "metranAssignment", "metranAssignment.csproj", "{F2B9B33A-1FB3-14A1-5227-818DB2B32782}"
EndProject
Project("{FAE04EC0-301F-11D3-BF4B-00C04F79EFBC}") = "LongRunningTest", "LongRunningTest\LongRunningTest.csproj", "{434ADD63-149A-4F3B-BC7B-21E3E70713FA}"
EndProject
Global
	GlobalSection(SolutionConfigurationPlatforms) = preSolution
		Debug|Any CPU = Debug|Any CPU
		Release|Any CPU = Release|Any CPU
	EndGlobalSection
	GlobalSection(ProjectConfigurationPlatforms) = postSolution
		{F2B9B33A-1FB3-14A1-5227-818DB2B32782}.Debug|Any CPU.ActiveCfg = Debug|Any CPU
		{F2B9B33A-1FB3-14A1-5227-818DB2B32782}.Debug|Any CPU.Build.0 = Debug|Any CPU
		{F2B9B33A-1FB3-14A1-5227-818DB2B32782}.Release|Any CPU.ActiveCfg = Release|Any CPU
		{F2B9B33A-1FB3-14A1-5227-818DB2B32782}.Release|Any CPU.Build.0 = Release|Any CPU
		{434ADD63-149A-4F3B-BC7B-21E3E70713FA}.Debug|Any CPU.ActiveCfg = Debug|Any CPU
		{434ADD63-149A-4F3B-BC7B-21E3E70713FA}.Debug|Any CPU.Build.0 = Debug|Any CPU
		{434ADD63-149A-4F3B-BC7B-21E3E70713FA}.Release|Any CPU.ActiveCfg = Release|Any CPU
		{434ADD63-149A-4F3B-BC7B-21E3E70713FA}.Release|Any CPU.Build.0 = Release|Any CPU
	EndGlobalSection
	GlobalSection(SolutionProperties) = preSolution
		HideSolutionNode = FALSE
	EndGlobalSection
	GlobalSection(ExtensibilityGlobals) = postSolution
		SolutionGuid = {5677838B-B227-47BF-BB38-9E3770B6C413}
	EndGlobalSection
EndGlobal
